
Microsoft Visual Studio Solution File, Format Version 12.00
# Visual Studio Version 16
VisualStudioVersion = 16.0.29905.134
MinimumVisualStudioVersion = 10.0.40219.1
Project("{FAE04EC0-301F-11D3-BF4B-00C04F79EFBC}") = "TestProject", "TestProject\TestProject.csproj", "{AC102357-EF08-4ABA-86EA-AF9A244E6E9B}"
EndProject
Global
	GlobalSection(SolutionConfigurationPlatforms) = preSolution
		Debug|Any CPU = Debug|Any CPU
		Release|Any CPU = Release|Any CPU
	EndGlobalSection
	GlobalSection(ProjectConfigurationPlatforms) = postSolution
		{AC102357-EF08-4ABA-86EA-AF9A244E6E9B}.Debug|Any CPU.ActiveCfg = Debug|Any CPU
		{AC102357-EF08-4ABA-86EA-AF9A244E6E9B}.Debug|Any CPU.Build.0 = Debug|Any CPU
		{AC102357-EF08-4ABA-86EA-AF9A244E6E9B}.Release|Any CPU.ActiveCfg = Release|Any CPU
		{AC102357-EF08-4ABA-86EA-AF9A244E6E9B}.Release|Any CPU.Build.0 = Release|Any CPU
	EndGlobalSection
	GlobalSection(SolutionProperties) = preSolution
		HideSolutionNode = FALSE
	EndGlobalSection
	GlobalSection(ExtensibilityGlobals) = postSolution
		SolutionGuid = {9B45254C-F9DE-4EFE-8843-1B7C0A02809E}
	EndGlobalSection
EndGlobal
